
Microsoft Visual Studio Solution File, Format Version 12.00
# Visual Studio Version 16
VisualStudioVersion = 16.0.31129.286
MinimumVisualStudioVersion = 10.0.40219.1
Project("{9A19103F-16F7-4668-BE54-9A1E7A4F7556}") = "APIGateway", "APIGateway.csproj", "{F84A7D94-BD41-4431-BB07-B45D0709CAD2}"
EndProject
Project("{FAE04EC0-301F-11D3-BF4B-00C04F79EFBC}") = "JWTAuth", "JWTAuth\JWTAuth.csproj", "{2FA26A86-A0E4-4F41-B0F4-0C9779E602C0}"
EndProject
Global
	GlobalSection(SolutionConfigurationPlatforms) = preSolution
		Debug|Any CPU = Debug|Any CPU
		Release|Any CPU = Release|Any CPU
	EndGlobalSection
	GlobalSection(ProjectConfigurationPlatforms) = postSolution
		{F84A7D94-BD41-4431-BB07-B45D0709CAD2}.Debug|Any CPU.ActiveCfg = Debug|Any CPU
		{F84A7D94-BD41-4431-BB07-B45D0709CAD2}.Debug|Any CPU.Build.0 = Debug|Any CPU
		{F84A7D94-BD41-4431-BB07-B45D0709CAD2}.Release|Any CPU.ActiveCfg = Release|Any CPU
		{F84A7D94-BD41-4431-BB07-B45D0709CAD2}.Release|Any CPU.Build.0 = Release|Any CPU
		{2FA26A86-A0E4-4F41-B0F4-0C9779E602C0}.Debug|Any CPU.ActiveCfg = Debug|Any CPU
		{2FA26A86-A0E4-4F41-B0F4-0C9779E602C0}.Debug|Any CPU.Build.0 = Debug|Any CPU
		{2FA26A86-A0E4-4F41-B0F4-0C9779E602C0}.Release|Any CPU.ActiveCfg = Release|Any CPU
		{2FA26A86-A0E4-4F41-B0F4-0C9779E602C0}.Release|Any CPU.Build.0 = Release|Any CPU
	EndGlobalSection
	GlobalSection(SolutionProperties) = preSolution
		HideSolutionNode = FALSE
	EndGlobalSection
	GlobalSection(ExtensibilityGlobals) = postSolution
		SolutionGuid = {37993FEE-4D4A-4AAE-9D46-F66373DD5DAB}
	EndGlobalSection
EndGlobal
